
Microsoft Visual Studio Solution File, Format Version 12.00
# Visual Studio Version 16
VisualStudioVersion = 16.0.33927.289
MinimumVisualStudioVersion = 10.0.40219.1
Project("{2150E333-8FDC-42A3-9474-1A3956D46DE8}") = "TaskReview", "TaskReview", "{80E1EDDC-55C3-4734-88E9-EB64B0B39768}"
EndProject
Project("{FAE04EC0-301F-11D3-BF4B-00C04F79EFBC}") = "Tyuiu.SugrovskiyNI.Sprint1.TaskReview.V1", "Tyuiu.SugrovskiyNI.Sprint1.TaskReview.V1\Tyuiu.SugrovskiyNI.Sprint1.TaskReview.V1.csproj", "{FE2F091C-3A15-46BA-8D7C-A4B142822F42}"
EndProject
Project("{FAE04EC0-301F-11D3-BF4B-00C04F79EFBC}") = "Tyuiu.SugrovskiyNI.Sprint1.TaskReview.V1.Lib", "Tyuiu.SugrovskiyNI.Sprint1.TaskReview.V1.Lib\Tyuiu.SugrovskiyNI.Sprint1.TaskReview.V1.Lib.csproj", "{252A6558-2B48-4203-B3B2-8711B8B0CD5A}"
EndProject
Project("{FAE04EC0-301F-11D3-BF4B-00C04F79EFBC}") = "Tyuiu.SugrovskiyNI.Sprint1.TaskReview.V1.Test", "Tyuiu.SugrovskiyNI.Sprint1.TaskReview.V1.Test\Tyuiu.SugrovskiyNI.Sprint1.TaskReview.V1.Test.csproj", "{8B28EA4C-1DED-47E6-AADA-9934F591FCB1}"
EndProject
Global
	GlobalSection(SolutionConfigurationPlatforms) = preSolution
		Debug|Any CPU = Debug|Any CPU
		Release|Any CPU = Release|Any CPU
	EndGlobalSection
	GlobalSection(ProjectConfigurationPlatforms) = postSolution
		{FE2F091C-3A15-46BA-8D7C-A4B142822F42}.Debug|Any CPU.ActiveCfg = Debug|Any CPU
		{FE2F091C-3A15-46BA-8D7C-A4B142822F42}.Debug|Any CPU.Build.0 = Debug|Any CPU
		{FE2F091C-3A15-46BA-8D7C-A4B142822F42}.Release|Any CPU.ActiveCfg = Release|Any CPU
		{FE2F091C-3A15-46BA-8D7C-A4B142822F42}.Release|Any CPU.Build.0 = Release|Any CPU
		{252A6558-2B48-4203-B3B2-8711B8B0CD5A}.Debug|Any CPU.ActiveCfg = Debug|Any CPU
		{252A6558-2B48-4203-B3B2-8711B8B0CD5A}.Debug|Any CPU.Build.0 = Debug|Any CPU
		{252A6558-2B48-4203-B3B2-8711B8B0CD5A}.Release|Any CPU.ActiveCfg = Release|Any CPU
		{252A6558-2B48-4203-B3B2-8711B8B0CD5A}.Release|Any CPU.Build.0 = Release|Any CPU
		{8B28EA4C-1DED-47E6-AADA-9934F591FCB1}.Debug|Any CPU.ActiveCfg = Debug|Any CPU
		{8B28EA4C-1DED-47E6-AADA-9934F591FCB1}.Debug|Any CPU.Build.0 = Debug|Any CPU
		{8B28EA4C-1DED-47E6-AADA-9934F591FCB1}.Release|Any CPU.ActiveCfg = Release|Any CPU
		{8B28EA4C-1DED-47E6-AADA-9934F591FCB1}.Release|Any CPU.Build.0 = Release|Any CPU
	EndGlobalSection
	GlobalSection(SolutionProperties) = preSolution
		HideSolutionNode = FALSE
	EndGlobalSection
	GlobalSection(NestedProjects) = preSolution
		{FE2F091C-3A15-46BA-8D7C-A4B142822F42} = {80E1EDDC-55C3-4734-88E9-EB64B0B39768}
		{252A6558-2B48-4203-B3B2-8711B8B0CD5A} = {80E1EDDC-55C3-4734-88E9-EB64B0B39768}
		{8B28EA4C-1DED-47E6-AADA-9934F591FCB1} = {80E1EDDC-55C3-4734-88E9-EB64B0B39768}
	EndGlobalSection
	GlobalSection(ExtensibilityGlobals) = postSolution
		SolutionGuid = {BD9F4A87-BC96-4195-B210-F5673BFAE067}
	EndGlobalSection
EndGlobal
